
Microsoft Visual Studio Solution File, Format Version 12.00
# Visual Studio Version 17
VisualStudioVersion = 17.10.35013.160
MinimumVisualStudioVersion = 10.0.40219.1
Project("{FAE04EC0-301F-11D3-BF4B-00C04F79EFBC}") = "Quiz App", "Quiz App\Quiz App.csproj", "{6BF58822-B6DB-4AA4-A71E-D7A9FB69D0F3}"
EndProject
Global
	GlobalSection(SolutionConfigurationPlatforms) = preSolution
		Debug|Any CPU = Debug|Any CPU
		Release|Any CPU = Release|Any CPU
	EndGlobalSection
	GlobalSection(ProjectConfigurationPlatforms) = postSolution
		{6BF58822-B6DB-4AA4-A71E-D7A9FB69D0F3}.Debug|Any CPU.ActiveCfg = Debug|Any CPU
		{6BF58822-B6DB-4AA4-A71E-D7A9FB69D0F3}.Debug|Any CPU.Build.0 = Debug|Any CPU
		{6BF58822-B6DB-4AA4-A71E-D7A9FB69D0F3}.Release|Any CPU.ActiveCfg = Release|Any CPU
		{6BF58822-B6DB-4AA4-A71E-D7A9FB69D0F3}.Release|Any CPU.Build.0 = Release|Any CPU
	EndGlobalSection
	GlobalSection(SolutionProperties) = preSolution
		HideSolutionNode = FALSE
	EndGlobalSection
	GlobalSection(ExtensibilityGlobals) = postSolution
		SolutionGuid = {7A0F0D23-603F-431B-AFF9-0621380D3686}
	EndGlobalSection
EndGlobal
